
Microsoft Visual Studio Solution File, Format Version 12.00
# Visual Studio Version 16
VisualStudioVersion = 16.0.31321.278
MinimumVisualStudioVersion = 10.0.40219.1
Project("{8BC9CEB8-8B4A-11D0-8D11-00A0C91BC942}") = "Native.NETHostFxr", "Native.NETHostFxr\Native.NETHostFxr.vcxproj", "{DDFA0071-E414-494B-908C-983851355399}"
	ProjectSection(ProjectDependencies) = postProject
		{EBAFBC79-A833-4CC4-9F5B-47C3CE14C464} = {EBAFBC79-A833-4CC4-9F5B-47C3CE14C464}
	EndProjectSection
EndProject
Project("{9A19103F-16F7-4668-BE54-9A1E7A4F7556}") = "ManagedLibrary", "ManagedLibrary\ManagedLibrary.csproj", "{EBAFBC79-A833-4CC4-9F5B-47C3CE14C464}"
EndProject
Global
	GlobalSection(SolutionConfigurationPlatforms) = preSolution
		Debug|x64 = Debug|x64
		Release|x64 = Release|x64
	EndGlobalSection
	GlobalSection(ProjectConfigurationPlatforms) = postSolution
		{DDFA0071-E414-494B-908C-983851355399}.Debug|x64.ActiveCfg = Debug|x64
		{DDFA0071-E414-494B-908C-983851355399}.Debug|x64.Build.0 = Debug|x64
		{DDFA0071-E414-494B-908C-983851355399}.Release|x64.ActiveCfg = Release|x64
		{DDFA0071-E414-494B-908C-983851355399}.Release|x64.Build.0 = Release|x64
		{EBAFBC79-A833-4CC4-9F5B-47C3CE14C464}.Debug|x64.ActiveCfg = Debug|x64
		{EBAFBC79-A833-4CC4-9F5B-47C3CE14C464}.Debug|x64.Build.0 = Debug|x64
		{EBAFBC79-A833-4CC4-9F5B-47C3CE14C464}.Release|x64.ActiveCfg = Release|x64
		{EBAFBC79-A833-4CC4-9F5B-47C3CE14C464}.Release|x64.Build.0 = Release|x64
	EndGlobalSection
	GlobalSection(SolutionProperties) = preSolution
		HideSolutionNode = FALSE
	EndGlobalSection
	GlobalSection(ExtensibilityGlobals) = postSolution
		SolutionGuid = {1286DA8D-CE02-43E1-8883-FF7202BA0AAF}
	EndGlobalSection
EndGlobal
